// !$*UTF8*$!
{
	archiveVersion = 1;
	classes = {
	};
	objectVersion = 50;
	objects = {

/* Begin PBXBuildFile section */
		3A2D6084279D593C003CBEA9 /* AppDelegate.swift in Sources */ = {isa = PBXBuildFile; fileRef = 3A2D6083279D593C003CBEA9 /* AppDelegate.swift */; };
		3A2D6086279D593C003CBEA9 /* SceneDelegate.swift in Sources */ = {isa = PBXBuildFile; fileRef = 3A2D6085279D593C003CBEA9 /* SceneDelegate.swift */; };
		3A2D6088279D593C003CBEA9 /* FeedViewController.swift in Sources */ = {isa = PBXBuildFile; fileRef = 3A2D6087279D593C003CBEA9 /* FeedViewController.swift */; };
		3A2D608B279D593C003CBEA9 /* Main.storyboard in Resources */ = {isa = PBXBuildFile; fileRef = 3A2D6089279D593C003CBEA9 /* Main.storyboard */; };
		3A2D608D279D593F003CBEA9 /* Assets.xcassets in Resources */ = {isa = PBXBuildFile; fileRef = 3A2D608C279D593F003CBEA9 /* Assets.xcassets */; };
		3A2D6090279D593F003CBEA9 /* LaunchScreen.storyboard in Resources */ = {isa = PBXBuildFile; fileRef = 3A2D608E279D593F003CBEA9 /* LaunchScreen.storyboard */; };
		3A2D609D279D5A05003CBEA9 /* FeedsTableViewCell.swift in Sources */ = {isa = PBXBuildFile; fileRef = 3A2D609C279D5A05003CBEA9 /* FeedsTableViewCell.swift */; };
		3A2D609F279D5B0D003CBEA9 /* FeedVM.swift in Sources */ = {isa = PBXBuildFile; fileRef = 3A2D609E279D5B0D003CBEA9 /* FeedVM.swift */; };
		3A2D60A3279D5B4E003CBEA9 /* APIManager.swift in Sources */ = {isa = PBXBuildFile; fileRef = 3A2D60A2279D5B4E003CBEA9 /* APIManager.swift */; };
		3A2D60A7279D5CC5003CBEA9 /* FeedModel.swift in Sources */ = {isa = PBXBuildFile; fileRef = 3A2D60A6279D5CC5003CBEA9 /* FeedModel.swift */; };
/* End PBXBuildFile section */

/* Begin PBXFileReference section */
		3A2D6080279D593C003CBEA9 /* FlickrApp.app */ = {isa = PBXFileReference; explicitFileType = wrapper.application; includeInIndex = 0; path = FlickrApp.app; sourceTree = BUILT_PRODUCTS_DIR; };
		3A2D6083279D593C003CBEA9 /* AppDelegate.swift */ = {isa = PBXFileReference; lastKnownFileType = sourcecode.swift; path = AppDelegate.swift; sourceTree = "<group>"; };
		3A2D6085279D593C003CBEA9 /* SceneDelegate.swift */ = {isa = PBXFileReference; lastKnownFileType = sourcecode.swift; path = SceneDelegate.swift; sourceTree = "<group>"; };
		3A2D6087279D593C003CBEA9 /* FeedViewController.swift */ = {isa = PBXFileReference; lastKnownFileType = sourcecode.swift; path = FeedViewController.swift; sourceTree = "<group>"; };
		3A2D608A279D593C003CBEA9 /* Base */ = {isa = PBXFileReference; lastKnownFileType = file.storyboard; name = Base; path = Base.lproj/Main.storyboard; sourceTree = "<group>"; };
		3A2D608C279D593F003CBEA9 /* Assets.xcassets */ = {isa = PBXFileReference; lastKnownFileType = folder.assetcatalog; path = Assets.xcassets; sourceTree = "<group>"; };
		3A2D608F279D593F003CBEA9 /* Base */ = {isa = PBXFileReference; lastKnownFileType = file.storyboard; name = Base; path = Base.lproj/LaunchScreen.storyboard; sourceTree = "<group>"; };
		3A2D6091279D593F003CBEA9 /* Info.plist */ = {isa = PBXFileReference; lastKnownFileType = text.plist.xml; path = Info.plist; sourceTree = "<group>"; };
		3A2D609C279D5A05003CBEA9 /* FeedsTableViewCell.swift */ = {isa = PBXFileReference; lastKnownFileType = sourcecode.swift; path = FeedsTableViewCell.swift; sourceTree = "<group>"; };
		3A2D609E279D5B0D003CBEA9 /* FeedVM.swift */ = {isa = PBXFileReference; lastKnownFileType = sourcecode.swift; path = FeedVM.swift; sourceTree = "<group>"; };
		3A2D60A2279D5B4E003CBEA9 /* APIManager.swift */ = {isa = PBXFileReference; lastKnownFileType = sourcecode.swift; path = APIManager.swift; sourceTree = "<group>"; };
		3A2D60A6279D5CC5003CBEA9 /* FeedModel.swift */ = {isa = PBXFileReference; lastKnownFileType = sourcecode.swift; path = FeedModel.swift; sourceTree = "<group>"; };
/* End PBXFileReference section */

/* Begin PBXFrameworksBuildPhase section */
		3A2D607D279D593C003CBEA9 /* Frameworks */ = {
			isa = PBXFrameworksBuildPhase;
			buildActionMask = 2147483647;
			files = (
			);
			runOnlyForDeploymentPostprocessing = 0;
		};
/* End PBXFrameworksBuildPhase section */

/* Begin PBXGroup section */
		3A2D6077279D593C003CBEA9 = {
			isa = PBXGroup;
			children = (
				3A2D6082279D593C003CBEA9 /* FlickrApp */,
				3A2D6081279D593C003CBEA9 /* Products */,
			);
			sourceTree = "<group>";
		};
		3A2D6081279D593C003CBEA9 /* Products */ = {
			isa = PBXGroup;
			children = (
				3A2D6080279D593C003CBEA9 /* FlickrApp.app */,
			);
			name = Products;
			sourceTree = "<group>";
		};
		3A2D6082279D593C003CBEA9 /* FlickrApp */ = {
			isa = PBXGroup;
			children = (
				3A2D60A0279D5B29003CBEA9 /* Managers */,
				3A2D6097279D594F003CBEA9 /* UI */,
				3A2D6083279D593C003CBEA9 /* AppDelegate.swift */,
				3A2D6085279D593C003CBEA9 /* SceneDelegate.swift */,
				3A2D6089279D593C003CBEA9 /* Main.storyboard */,
				3A2D608C279D593F003CBEA9 /* Assets.xcassets */,
				3A2D608E279D593F003CBEA9 /* LaunchScreen.storyboard */,
				3A2D6091279D593F003CBEA9 /* Info.plist */,
			);
			path = FlickrApp;
			sourceTree = "<group>";
		};
		3A2D6097279D594F003CBEA9 /* UI */ = {
			isa = PBXGroup;
			children = (
				3A2D609B279D59D6003CBEA9 /* View */,
				3A2D6087279D593C003CBEA9 /* FeedViewController.swift */,
				3A2D609E279D5B0D003CBEA9 /* FeedVM.swift */,
			);
			path = UI;
			sourceTree = "<group>";
		};
		3A2D609B279D59D6003CBEA9 /* View */ = {
			isa = PBXGroup;
			children = (
				3A2D609C279D5A05003CBEA9 /* FeedsTableViewCell.swift */,
			);
			path = View;
			sourceTree = "<group>";
		};
		3A2D60A0279D5B29003CBEA9 /* Managers */ = {
			isa = PBXGroup;
			children = (
				3A2D60A1279D5B40003CBEA9 /* APIManager */,
			);
			path = Managers;
			sourceTree = "<group>";
		};
		3A2D60A1279D5B40003CBEA9 /* APIManager */ = {
			isa = PBXGroup;
			children = (
				3A2D60A5279D5BDE003CBEA9 /* Model */,
				3A2D60A2279D5B4E003CBEA9 /* APIManager.swift */,
			);
			path = APIManager;
			sourceTree = "<group>";
		};
		3A2D60A5279D5BDE003CBEA9 /* Model */ = {
			isa = PBXGroup;
			children = (
				3A2D60A6279D5CC5003CBEA9 /* FeedModel.swift */,
			);
			path = Model;
			sourceTree = "<group>";
		};
/* End PBXGroup section */

/* Begin PBXNativeTarget section */
		3A2D607F279D593C003CBEA9 /* FlickrApp */ = {
			isa = PBXNativeTarget;
			buildConfigurationList = 3A2D6094279D593F003CBEA9 /* Build configuration list for PBXNativeTarget "FlickrApp" */;
			buildPhases = (
				3A2D607C279D593C003CBEA9 /* Sources */,
				3A2D607D279D593C003CBEA9 /* Frameworks */,
				3A2D607E279D593C003CBEA9 /* Resources */,
			);
			buildRules = (
			);
			dependencies = (
			);
			name = FlickrApp;
			packageProductDependencies = (
			);
			productName = FlickrApp;
			productReference = 3A2D6080279D593C003CBEA9 /* FlickrApp.app */;
			productType = "com.apple.product-type.application";
		};
/* End PBXNativeTarget section */

/* Begin PBXProject section */
		3A2D6078279D593C003CBEA9 /* Project object */ = {
			isa = PBXProject;
			attributes = {
				LastSwiftUpdateCheck = 1250;
				LastUpgradeCheck = 1250;
				TargetAttributes = {
					3A2D607F279D593C003CBEA9 = {
						CreatedOnToolsVersion = 12.5.1;
					};
				};
			};
			buildConfigurationList = 3A2D607B279D593C003CBEA9 /* Build configuration list for PBXProject "FlickrApp" */;
			compatibilityVersion = "Xcode 9.3";
			developmentRegion = en;
			hasScannedForEncodings = 0;
			knownRegions = (
				en,
				Base,
			);
			mainGroup = 3A2D6077279D593C003CBEA9;
			packageReferences = (
			);
			productRefGroup = 3A2D6081279D593C003CBEA9 /* Products */;
			projectDirPath = "";
			projectRoot = "";
			targets = (
				3A2D607F279D593C003CBEA9 /* FlickrApp */,
			);
		};
/* End PBXProject section */

/* Begin PBXResourcesBuildPhase section */
		3A2D607E279D593C003CBEA9 /* Resources */ = {
			isa = PBXResourcesBuildPhase;
			buildActionMask = 2147483647;
			files = (
				3A2D6090279D593F003CBEA9 /* LaunchScreen.storyboard in Resources */,
				3A2D608D279D593F003CBEA9 /* Assets.xcassets in Resources */,
				3A2D608B279D593C003CBEA9 /* Main.storyboard in Resources */,
			);
			runOnlyForDeploymentPostprocessing = 0;
		};
/* End PBXResourcesBuildPhase section */

/* Begin PBXSourcesBuildPhase section */
		3A2D607C279D593C003CBEA9 /* Sources */ = {
			isa = PBXSourcesBuildPhase;
			buildActionMask = 2147483647;
			files = (
				3A2D60A3279D5B4E003CBEA9 /* APIManager.swift in Sources */,
				3A2D6088279D593C003CBEA9 /* FeedViewController.swift in Sources */,
				3A2D609D279D5A05003CBEA9 /* FeedsTableViewCell.swift in Sources */,
				3A2D609F279D5B0D003CBEA9 /* FeedVM.swift in Sources */,
				3A2D60A7279D5CC5003CBEA9 /* FeedModel.swift in Sources */,
				3A2D6084279D593C003CBEA9 /* AppDelegate.swift in Sources */,
				3A2D6086279D593C003CBEA9 /* SceneDelegate.swift in Sources */,
			);
			runOnlyForDeploymentPostprocessing = 0;
		};
/* End PBXSourcesBuildPhase section */

/* Begin PBXVariantGroup section */
		3A2D6089279D593C003CBEA9 /* Main.storyboard */ = {
			isa = PBXVariantGroup;
			children = (
				3A2D608A279D593C003CBEA9 /* Base */,
			);
			name = Main.storyboard;
			sourceTree = "<group>";
		};
		3A2D608E279D593F003CBEA9 /* LaunchScreen.storyboard */ = {
			isa = PBXVariantGroup;
			children = (
				3A2D608F279D593F003CBEA9 /* Base */,
			);
			name = LaunchScreen.storyboard;
			sourceTree = "<group>";
		};
/* End PBXVariantGroup section */

/* Begin XCBuildConfiguration section */
		3A2D6092279D593F003CBEA9 /* Debug */ = {
			isa = XCBuildConfiguration;
			buildSettings = {
				ALWAYS_SEARCH_USER_PATHS = NO;
				CLANG_ANALYZER_NONNULL = YES;
				CLANG_ANALYZER_NUMBER_OBJECT_CONVERSION = YES_AGGRESSIVE;
				CLANG_CXX_LANGUAGE_STANDARD = "gnu++14";
				CLANG_CXX_LIBRARY = "libc++";
				CLANG_ENABLE_MODULES = YES;
				CLANG_ENABLE_OBJC_ARC = YES;
				CLANG_ENABLE_OBJC_WEAK = YES;
				CLANG_WARN_BLOCK_CAPTURE_AUTORELEASING = YES;
				CLANG_WARN_BOOL_CONVERSION = YES;
				CLANG_WARN_COMMA = YES;
				CLANG_WARN_CONSTANT_CONVERSION = YES;
				CLANG_WARN_DEPRECATED_OBJC_IMPLEMENTATIONS = YES;
				CLANG_WARN_DIRECT_OBJC_ISA_USAGE = YES_ERROR;
				CLANG_WARN_DOCUMENTATION_COMMENTS = YES;
				CLANG_WARN_EMPTY_BODY = YES;
				CLANG_WARN_ENUM_CONVERSION = YES;
				CLANG_WARN_INFINITE_RECURSION = YES;
				CLANG_WARN_INT_CONVERSION = YES;
				CLANG_WARN_NON_LITERAL_NULL_CONVERSION = YES;
				CLANG_WARN_OBJC_IMPLICIT_RETAIN_SELF = YES;
				CLANG_WARN_OBJC_LITERAL_CONVERSION = YES;
				CLANG_WARN_OBJC_ROOT_CLASS = YES_ERROR;
				CLANG_WARN_QUOTED_INCLUDE_IN_FRAMEWORK_HEADER = YES;
				CLANG_WARN_RANGE_LOOP_ANALYSIS = YES;
				CLANG_WARN_STRICT_PROTOTYPES = YES;
				CLANG_WARN_SUSPICIOUS_MOVE = YES;
				CLANG_WARN_UNGUARDED_AVAILABILITY = YES_AGGRESSIVE;
				CLANG_WARN_UNREACHABLE_CODE = YES;
				CLANG_WARN__DUPLICATE_METHOD_MATCH = YES;
				COPY_PHASE_STRIP = NO;
				DEBUG_INFORMATION_FORMAT = dwarf;
				ENABLE_STRICT_OBJC_MSGSEND = YES;
				ENABLE_TESTABILITY = YES;
				GCC_C_LANGUAGE_STANDARD = gnu11;
				GCC_DYNAMIC_NO_PIC = NO;
				GCC_NO_COMMON_BLOCKS = YES;
				GCC_OPTIMIZATION_LEVEL = 0;
				GCC_PREPROCESSOR_DEFINITIONS = (
					"DEBUG=1",
					"$(inherited)",
				);
				GCC_WARN_64_TO_32_BIT_CONVERSION = YES;
				GCC_WARN_ABOUT_RETURN_TYPE = YES_ERROR;
				GCC_WARN_UNDECLARED_SELECTOR = YES;
				GCC_WARN_UNINITIALIZED_AUTOS = YES_AGGRESSIVE;
				GCC_WARN_UNUSED_FUNCTION = YES;
				GCC_WARN_UNUSED_VARIABLE = YES;
				IPHONEOS_DEPLOYMENT_TARGET = 14.5;
				MTL_ENABLE_DEBUG_INFO = INCLUDE_SOURCE;
				MTL_FAST_MATH = YES;
				ONLY_ACTIVE_ARCH = YES;
				SDKROOT = iphoneos;
				SWIFT_ACTIVE_COMPILATION_CONDITIONS = DEBUG;
				SWIFT_OPTIMIZATION_LEVEL = "-Onone";
			};
			name = Debug;
		};
		3A2D6093279D593F003CBEA9 /* Release */ = {
			isa = XCBuildConfiguration;
			buildSettings = {
				ALWAYS_SEARCH_USER_PATHS = NO;
				CLANG_ANALYZER_NONNULL = YES;
				CLANG_ANALYZER_NUMBER_OBJECT_CONVERSION = YES_AGGRESSIVE;
				CLANG_CXX_LANGUAGE_STANDARD = "gnu++14";
				CLANG_CXX_LIBRARY = "libc++";
				CLANG_ENABLE_MODULES = YES;
				CLANG_ENABLE_OBJC_ARC = YES;
				CLANG_ENABLE_OBJC_WEAK = YES;
				CLANG_WARN_BLOCK_CAPTURE_AUTORELEASING = YES;
				CLANG_WARN_BOOL_CONVERSION = YES;
				CLANG_WARN_COMMA = YES;
				CLANG_WARN_CONSTANT_CONVERSION = YES;
				CLANG_WARN_DEPRECATED_OBJC_IMPLEMENTATIONS = YES;
				CLANG_WARN_DIRECT_OBJC_ISA_USAGE = YES_ERROR;
				CLANG_WARN_DOCUMENTATION_COMMENTS = YES;
				CLANG_WARN_EMPTY_BODY = YES;
				CLANG_WARN_ENUM_CONVERSION = YES;
				CLANG_WARN_INFINITE_RECURSION = YES;
				CLANG_WARN_INT_CONVERSION = YES;
				CLANG_WARN_NON_LITERAL_NULL_CONVERSION = YES;
				CLANG_WARN_OBJC_IMPLICIT_RETAIN_SELF = YES;
				CLANG_WARN_OBJC_LITERAL_CONVERSION = YES;
				CLANG_WARN_OBJC_ROOT_CLASS = YES_ERROR;
				CLANG_WARN_QUOTED_INCLUDE_IN_FRAMEWORK_HEADER = YES;
				CLANG_WARN_RANGE_LOOP_ANALYSIS = YES;
				CLANG_WARN_STRICT_PROTOTYPES = YES;
				CLANG_WARN_SUSPICIOUS_MOVE = YES;
				CLANG_WARN_UNGUARDED_AVAILABILITY = YES_AGGRESSIVE;
				CLANG_WARN_UNREACHABLE_CODE = YES;
				CLANG_WARN__DUPLICATE_METHOD_MATCH = YES;
				COPY_PHASE_STRIP = NO;
				DEBUG_INFORMATION_FORMAT = "dwarf-with-dsym";
				ENABLE_NS_ASSERTIONS = NO;
				ENABLE_STRICT_OBJC_MSGSEND = YES;
				GCC_C_LANGUAGE_STANDARD = gnu11;
				GCC_NO_COMMON_BLOCKS = YES;
				GCC_WARN_64_TO_32_BIT_CONVERSION = YES;
				GCC_WARN_ABOUT_RETURN_TYPE = YES_ERROR;
				GCC_WARN_UNDECLARED_SELECTOR = YES;
				GCC_WARN_UNINITIALIZED_AUTOS = YES_AGGRESSIVE;
				GCC_WARN_UNUSED_FUNCTION = YES;
				GCC_WARN_UNUSED_VARIABLE = YES;
				IPHONEOS_DEPLOYMENT_TARGET = 14.5;
				MTL_ENABLE_DEBUG_INFO = NO;
				MTL_FAST_MATH = YES;
				SDKROOT = iphoneos;
				SWIFT_COMPILATION_MODE = wholemodule;
				SWIFT_OPTIMIZATION_LEVEL = "-O";
				VALIDATE_PRODUCT = YES;
			};
			name = Release;
		};
		3A2D6095279D593F003CBEA9 /* Debug */ = {
			isa = XCBuildConfiguration;
			buildSettings = {
				ASSETCATALOG_COMPILER_APPICON_NAME = AppIcon;
				ASSETCATALOG_COMPILER_GLOBAL_ACCENT_COLOR_NAME = AccentColor;
				CODE_SIGN_STYLE = Automatic;
				INFOPLIST_FILE = FlickrApp/Info.plist;
				LD_RUNPATH_SEARCH_PATHS = (
					"$(inherited)",
					"@executable_path/Frameworks",
				);
				PRODUCT_BUNDLE_IDENTIFIER = io.myorganization.FlickrApp;
				PRODUCT_NAME = "$(TARGET_NAME)";
				SWIFT_VERSION = 5.0;
				TARGETED_DEVICE_FAMILY = "1,2";
			};
			name = Debug;
		};
		3A2D6096279D593F003CBEA9 /* Release */ = {
			isa = XCBuildConfiguration;
			buildSettings = {
				ASSETCATALOG_COMPILER_APPICON_NAME = AppIcon;
				ASSETCATALOG_COMPILER_GLOBAL_ACCENT_COLOR_NAME = AccentColor;
				CODE_SIGN_STYLE = Automatic;
				INFOPLIST_FILE = FlickrApp/Info.plist;
				LD_RUNPATH_SEARCH_PATHS = (
					"$(inherited)",
					"@executable_path/Frameworks",
				);
				PRODUCT_BUNDLE_IDENTIFIER = io.myorganization.FlickrApp;
				PRODUCT_NAME = "$(TARGET_NAME)";
				SWIFT_VERSION = 5.0;
				TARGETED_DEVICE_FAMILY = "1,2";
			};
			name = Release;
		};
/* End XCBuildConfiguration section */

/* Begin XCConfigurationList section */
		3A2D607B279D593C003CBEA9 /* Build configuration list for PBXProject "FlickrApp" */ = {
			isa = XCConfigurationList;
			buildConfigurations = (
				3A2D6092279D593F003CBEA9 /* Debug */,
				3A2D6093279D593F003CBEA9 /* Release */,
			);
			defaultConfigurationIsVisible = 0;
			defaultConfigurationName = Release;
		};
		3A2D6094279D593F003CBEA9 /* Build configuration list for PBXNativeTarget "FlickrApp" */ = {
			isa = XCConfigurationList;
			buildConfigurations = (
				3A2D6095279D593F003CBEA9 /* Debug */,
				3A2D6096279D593F003CBEA9 /* Release */,
			);
			defaultConfigurationIsVisible = 0;
			defaultConfigurationName = Release;
		};
/* End XCConfigurationList section */
	};
	rootObject = 3A2D6078279D593C003CBEA9 /* Project object */;
}
